
Microsoft Visual Studio Solution File, Format Version 12.00
# Visual Studio Version 17
VisualStudioVersion = 17.3.32901.215
MinimumVisualStudioVersion = 10.0.40219.1
Project("{FAE04EC0-301F-11D3-BF4B-00C04F79EFBC}") = "Chapter15FinalProject", "Chapter15FinalProject\Chapter15FinalProject.csproj", "{0FC89A9C-D6F4-4028-9546-3300CEF70822}"
EndProject
Global
	GlobalSection(SolutionConfigurationPlatforms) = preSolution
		Debug|Any CPU = Debug|Any CPU
		Release|Any CPU = Release|Any CPU
	EndGlobalSection
	GlobalSection(ProjectConfigurationPlatforms) = postSolution
		{0FC89A9C-D6F4-4028-9546-3300CEF70822}.Debug|Any CPU.ActiveCfg = Debug|Any CPU
		{0FC89A9C-D6F4-4028-9546-3300CEF70822}.Debug|Any CPU.Build.0 = Debug|Any CPU
		{0FC89A9C-D6F4-4028-9546-3300CEF70822}.Release|Any CPU.ActiveCfg = Release|Any CPU
		{0FC89A9C-D6F4-4028-9546-3300CEF70822}.Release|Any CPU.Build.0 = Release|Any CPU
	EndGlobalSection
	GlobalSection(SolutionProperties) = preSolution
		HideSolutionNode = FALSE
	EndGlobalSection
	GlobalSection(ExtensibilityGlobals) = postSolution
		SolutionGuid = {269F2CB4-7520-4015-8FA0-D1C8393393BB}
	EndGlobalSection
EndGlobal
